
Microsoft Visual Studio Solution File, Format Version 12.00
# Visual Studio Version 16
VisualStudioVersion = 16.0.30011.22
MinimumVisualStudioVersion = 10.0.40219.1
Project("{9A19103F-16F7-4668-BE54-9A1E7A4F7556}") = "Objects", "Objects\Objects.csproj", "{95C2153A-642E-4779-90C0-BFF56FC561A9}"
EndProject
Project("{9A19103F-16F7-4668-BE54-9A1E7A4F7556}") = "Core", "..\Core\Core\Core.csproj", "{7EF0C96C-1FD9-42B2-85CE-BFD9B10DAC06}"
EndProject
Project("{2150E333-8FDC-42A3-9474-1A3956D46DE8}") = "Converters", "Converters", "{CCC09288-CE76-4FDB-B0C9-220112F88CD9}"
EndProject
Project("{2150E333-8FDC-42A3-9474-1A3956D46DE8}") = "Local Dependencies", "Local Dependencies", "{986B7226-6A4C-4881-8481-ADAFD0EC70B0}"
EndProject
Project("{2150E333-8FDC-42A3-9474-1A3956D46DE8}") = "ConverterAutocadCivil", "ConverterAutocadCivil", "{5419488F-6509-4F16-A342-BB2BE2689E00}"
EndProject
Project("{D954291E-2A0B-460D-934E-DC6B0785DB48}") = "ConverterAutocadCivilShared", "Converters\ConverterAutocadCivil\ConverterAutocadCivilShared\ConverterAutocadCivilShared.shproj", "{2D0F9F8A-2E89-4780-978A-CD92D6D7B843}"
EndProject
Project("{9A19103F-16F7-4668-BE54-9A1E7A4F7556}") = "ConverterCivil2021", "Converters\ConverterAutocadCivil\ConverterCivil2021\ConverterCivil2021.csproj", "{13F93C20-793C-4F2D-B836-68D7744063DF}"
EndProject
Project("{2150E333-8FDC-42A3-9474-1A3956D46DE8}") = "ConverterRhinoGh", "ConverterRhinoGh", "{1A35077C-2936-4A3D-8D48-65F39F76D999}"
EndProject
Project("{D954291E-2A0B-460D-934E-DC6B0785DB48}") = "ConverterRhinoGhShared", "Converters\ConverterRhinoGh\ConverterRhinoGhShared\ConverterRhinoGhShared.shproj", "{B74CB8C1-187B-46A6-B20B-92B8C129F3EE}"
EndProject
Project("{9A19103F-16F7-4668-BE54-9A1E7A4F7556}") = "ConverterRhino7", "Converters\ConverterRhinoGh\ConverterRhino7\ConverterRhino7.csproj", "{B9649E07-F7B4-4FCC-9E44-076993621D0A}"
EndProject
Project("{2150E333-8FDC-42A3-9474-1A3956D46DE8}") = "StructuralUtilities", "StructuralUtilities", "{B1FE70B5-BF09-4A08-99CC-69A4DE3716F6}"
EndProject
Project("{9A19103F-16F7-4668-BE54-9A1E7A4F7556}") = "PolygonMesher", "Converters\StructuralUtilities\PolygonMesher\PolygonMesher.csproj", "{6185B1A1-0A12-44B1-8AC5-0ED48147FB21}"
EndProject
Project("{9A19103F-16F7-4668-BE54-9A1E7A4F7556}") = "Tests", "Tests\Tests.csproj", "{528C7672-12C1-47DE-A7C0-775DDA8E7D92}"
EndProject
Global
	GlobalSection(SharedMSBuildProjectFiles) = preSolution
		Converters\ConverterAutocadCivil\ConverterAutocadCivilShared\ConverterAutocadCivilShared.projitems*{13f93c20-793c-4f2d-b836-68d7744063df}*SharedItemsImports = 5
		Converters\ConverterAutocadCivil\ConverterAutocadCivilShared\ConverterAutocadCivilShared.projitems*{2d0f9f8a-2e89-4780-978a-cd92d6d7b843}*SharedItemsImports = 13
		Converters\ConverterRhinoGh\ConverterRhinoGhShared\ConverterRhinoGhShared.projitems*{b74cb8c1-187b-46a6-b20b-92b8c129f3ee}*SharedItemsImports = 13
		Converters\ConverterRhinoGh\ConverterRhinoGhShared\ConverterRhinoGhShared.projitems*{b9649e07-f7b4-4fcc-9e44-076993621d0a}*SharedItemsImports = 5
	EndGlobalSection
	GlobalSection(SolutionConfigurationPlatforms) = preSolution
		Debug|Any CPU = Debug|Any CPU
		Release|Any CPU = Release|Any CPU
	EndGlobalSection
	GlobalSection(ProjectConfigurationPlatforms) = postSolution
		{95C2153A-642E-4779-90C0-BFF56FC561A9}.Debug|Any CPU.ActiveCfg = Debug|Any CPU
		{95C2153A-642E-4779-90C0-BFF56FC561A9}.Debug|Any CPU.Build.0 = Debug|Any CPU
		{95C2153A-642E-4779-90C0-BFF56FC561A9}.Release|Any CPU.ActiveCfg = Release|Any CPU
		{95C2153A-642E-4779-90C0-BFF56FC561A9}.Release|Any CPU.Build.0 = Release|Any CPU
		{7EF0C96C-1FD9-42B2-85CE-BFD9B10DAC06}.Debug|Any CPU.ActiveCfg = Debug|Any CPU
		{7EF0C96C-1FD9-42B2-85CE-BFD9B10DAC06}.Debug|Any CPU.Build.0 = Debug|Any CPU
		{7EF0C96C-1FD9-42B2-85CE-BFD9B10DAC06}.Release|Any CPU.ActiveCfg = Release|Any CPU
		{7EF0C96C-1FD9-42B2-85CE-BFD9B10DAC06}.Release|Any CPU.Build.0 = Release|Any CPU
		{13F93C20-793C-4F2D-B836-68D7744063DF}.Debug|Any CPU.ActiveCfg = Debug|Any CPU
		{13F93C20-793C-4F2D-B836-68D7744063DF}.Debug|Any CPU.Build.0 = Debug|Any CPU
		{13F93C20-793C-4F2D-B836-68D7744063DF}.Release|Any CPU.ActiveCfg = Release|Any CPU
		{13F93C20-793C-4F2D-B836-68D7744063DF}.Release|Any CPU.Build.0 = Release|Any CPU
		{B9649E07-F7B4-4FCC-9E44-076993621D0A}.Debug|Any CPU.ActiveCfg = Debug|Any CPU
		{B9649E07-F7B4-4FCC-9E44-076993621D0A}.Debug|Any CPU.Build.0 = Debug|Any CPU
		{B9649E07-F7B4-4FCC-9E44-076993621D0A}.Release|Any CPU.ActiveCfg = Release|Any CPU
		{B9649E07-F7B4-4FCC-9E44-076993621D0A}.Release|Any CPU.Build.0 = Release|Any CPU
		{6185B1A1-0A12-44B1-8AC5-0ED48147FB21}.Debug|Any CPU.ActiveCfg = Debug|Any CPU
		{6185B1A1-0A12-44B1-8AC5-0ED48147FB21}.Debug|Any CPU.Build.0 = Debug|Any CPU
		{6185B1A1-0A12-44B1-8AC5-0ED48147FB21}.Release|Any CPU.ActiveCfg = Release|Any CPU
		{6185B1A1-0A12-44B1-8AC5-0ED48147FB21}.Release|Any CPU.Build.0 = Release|Any CPU
		{528C7672-12C1-47DE-A7C0-775DDA8E7D92}.Debug|Any CPU.ActiveCfg = Debug|Any CPU
		{528C7672-12C1-47DE-A7C0-775DDA8E7D92}.Debug|Any CPU.Build.0 = Debug|Any CPU
		{528C7672-12C1-47DE-A7C0-775DDA8E7D92}.Release|Any CPU.ActiveCfg = Release|Any CPU
		{528C7672-12C1-47DE-A7C0-775DDA8E7D92}.Release|Any CPU.Build.0 = Release|Any CPU
	EndGlobalSection
	GlobalSection(SolutionProperties) = preSolution
		HideSolutionNode = FALSE
	EndGlobalSection
	GlobalSection(NestedProjects) = preSolution
		{7EF0C96C-1FD9-42B2-85CE-BFD9B10DAC06} = {986B7226-6A4C-4881-8481-ADAFD0EC70B0}
		{5419488F-6509-4F16-A342-BB2BE2689E00} = {CCC09288-CE76-4FDB-B0C9-220112F88CD9}
		{2D0F9F8A-2E89-4780-978A-CD92D6D7B843} = {5419488F-6509-4F16-A342-BB2BE2689E00}
		{13F93C20-793C-4F2D-B836-68D7744063DF} = {5419488F-6509-4F16-A342-BB2BE2689E00}
		{1A35077C-2936-4A3D-8D48-65F39F76D999} = {CCC09288-CE76-4FDB-B0C9-220112F88CD9}
		{B74CB8C1-187B-46A6-B20B-92B8C129F3EE} = {1A35077C-2936-4A3D-8D48-65F39F76D999}
		{B9649E07-F7B4-4FCC-9E44-076993621D0A} = {1A35077C-2936-4A3D-8D48-65F39F76D999}
		{B1FE70B5-BF09-4A08-99CC-69A4DE3716F6} = {CCC09288-CE76-4FDB-B0C9-220112F88CD9}
		{6185B1A1-0A12-44B1-8AC5-0ED48147FB21} = {B1FE70B5-BF09-4A08-99CC-69A4DE3716F6}
	EndGlobalSection
	GlobalSection(ExtensibilityGlobals) = postSolution
		SolutionGuid = {DA57EC2E-0A9E-4F59-B1F7-A65F76A74B74}
	EndGlobalSection
EndGlobal
